version = 1
revision = 3
requires-python = ">=3.14"

[[package]]
name = "appdirs"
version = "1.4.4"
source = { registry = "https://pypi.org/simple" }
sdist = { url = "https://files.pythonhosted.org/packages/d7/d8/05696357e0311f5b5c316d7b95f46c669dd9c15aaeecbb48c7d0aeb88c40/appdirs-1.4.4.tar.gz", hash = "sha256:7d5d0167b2b1ba821647616af46a749d1c653740dd0d2415100fe26e27afdf41", size = 13470, upload-time = "2020-05-11T07:59:51.037Z" }
wheels = [
    { url = "https://files.pythonhosted.org/packages/3b/00/2344469e2084fb287c2e0b57b72910309874c3245463acd6cf5e3db69324/appdirs-1.4.4-py2.py3-none-any.whl", hash = "sha256:a841dacd6b99318a741b166adb07e19ee71a274450e68237b4650ca1055ab128", size = 9566, upload-time = "2020-05-11T07:59:49.499Z" },
]

[[package]]
name = "argcomplete"
version = "3.6.3"
source = { registry = "https://pypi.org/simple" }
sdist = { url = "https://files.pythonhosted.org/packages/38/61/0b9ae6399dd4a58d8c1b1dc5a27d6f2808023d0b5dd3104bb99f45a33ff6/argcomplete-3.6.3.tar.gz", hash = "sha256:62e8ed4fd6a45864acc8235409461b72c9a28ee785a2011cc5eb78318786c89c", size = 73754, upload-time = "2025-10-20T03:33:34.741Z" }
wheels = [
    { url = "https://files.pythonhosted.org/packages/74/f5/9373290775639cb67a2fce7f629a1c240dce9f12fe927bc32b2736e16dfc/argcomplete-3.6.3-py3-none-any.whl", hash = "sha256:f5007b3a600ccac5d25bbce33089211dfd49eab4a7718da3f10e3082525a92ce", size = 43846, upload-time = "2025-10-20T03:33:33.021Z" },
]

[[package]]
name = "atomicwrites"
version = "1.4.1"
source = { registry = "https://pypi.org/simple" }
sdist = { url = "https://files.pythonhosted.org/packages/87/c6/53da25344e3e3a9c01095a89f16dbcda021c609ddb42dd6d7c0528236fb2/atomicwrites-1.4.1.tar.gz", hash = "sha256:81b2c9071a49367a7f770170e5eec8cb66567cfbbc8c73d20ce5ca4a8d71cf11", size = 14227, upload-time = "2022-07-08T18:31:40.459Z" }

[[package]]
name = "attrs"
version = "25.4.0"
source = { registry = "https://pypi.org/simple" }
sdist = { url = "https://files.pythonhosted.org/packages/6b/5c/685e6633917e101e5dcb62b9dd76946cbb57c26e133bae9e0cd36033c0a9/attrs-25.4.0.tar.gz", hash = "sha256:16d5969b87f0859ef33a48b35d55ac1be6e42ae49d5e853b597db70c35c57e11", size = 934251, upload-time = "2025-10-06T13:54:44.725Z" }
wheels = [
    { url = "https://files.pythonhosted.org/packages/3a/2a/7cc015f5b9f5db42b7d48157e23356022889fc354a2813c15934b7cb5c0e/attrs-25.4.0-py3-none-any.whl", hash = "sha256:adcf7e2a1fb3b36ac48d97835bb6d8ade15b8dcce26aba8bf1d14847b57a3373", size = 67615, upload-time = "2025-10-06T13:54:43.17Z" },
]

[[package]]
name = "balance-coop"
version = "0.1.0"
source = { editable = "." }
dependencies = [
    { name = "dotmap" },
    { name = "flask-socketio" },
    { name = "markupsafe" },
    { name = "python-escpos" },
    { name = "ruamel-yaml" },
    { name = "validx" },
    { name = "werkzeug" },
]

[package.optional-dependencies]
dev = [
    { name = "importlib-metadata" },
    { name = "pre-commit" },
    { name = "pytest" },
]

[package.metadata]
requires-dist = [
    { name = "dotmap", specifier = ">=1.3.23,<2" },
    { name = "flask-socketio", specifier = "==4.3.2" },
    { name = "importlib-metadata", marker = "extra == 'dev'", specifier = ">=3.7.0,<4" },
    { name = "markupsafe", specifier = "==2.0.1" },
    { name = "pre-commit", marker = "extra == 'dev'", specifier = ">=2.9.3,<3" },
    { name = "pytest", marker = "extra == 'dev'", specifier = ">=5.2,<6" },
    { name = "python-escpos", specifier = ">=3.0a8,<4" },
    { name = "ruamel-yaml", specifier = ">=0.17.2,<0.18" },
    { name = "validx", specifier = ">=0.7,<0.8" },
    { name = "werkzeug", specifier = ">=0.16.1,<0.17" },
]
provides-extras = ["dev"]

[[package]]
name = "cfgv"
version = "3.5.0"
source = { registry = "https://pypi.org/simple" }
sdist = { url = "https://files.pythonhosted.org/packages/4e/b5/721b8799b04bf9afe054a3899c6cf4e880fcf8563cc71c15610242490a0c/cfgv-3.5.0.tar.gz", hash = "sha256:d5b1034354820651caa73ede66a6294d6e95c1b00acc5e9b098e917404669132", size = 7334, upload-time = "2025-11-19T20:55:51.612Z" }
wheels = [
    { url = "https://files.pythonhosted.org/packages/db/3c/33bac158f8ab7f89b2e59426d5fe2e4f63f7ed25df84c036890172b412b5/cfgv-3.5.0-py2.py3-none-any.whl", hash = "sha256:a8dc6b26ad22ff227d2634a65cb388215ce6cc96bbcc5cfde7641ae87e8dacc0", size = 7445, upload-time = "2025-11-19T20:55:50.744Z" },
]

[[package]]
name = "click"
version = "7.1.2"
source = { registry = "https://pypi.org/simple" }
sdist = { url = "https://files.pythonhosted.org/packages/27/6f/be940c8b1f1d69daceeb0032fee6c34d7bd70e3e649ccac0951500b4720e/click-7.1.2.tar.gz", hash = "sha256:d2b5255c7c6349bc1bd1e59e08cd12acbbd63ce649f2588755783aa94dfb6b1a", size = 297279, upload-time = "2020-04-27T20:22:45.014Z" }
wheels = [
    { url = "https://files.pythonhosted.org/packages/d2/3d/fa76db83bf75c4f8d338c2fd15c8d33fdd7ad23a9b5e57eb6c5de26b430e/click-7.1.2-py2.py3-none-any.whl", hash = "sha256:dacca89f4bfadd5de3d7489b7c8a566eee0d3676333fbb50030263894c38c0dc", size = 82780, upload-time = "2020-04-27T20:22:42.629Z" },
]

[[package]]
name = "colorama"
version = "0.4.6"
source = { registry = "https://pypi.org/simple" }
sdist = { url = "https://files.pythonhosted.org/packages/d8/53/6f443c9a4a8358a93a6792e2acffb9d9d5cb0a5cfd8802644b7b1c9a02e4/colorama-0.4.6.tar.gz", hash = "sha256:08695f5cb7ed6e0531a20572697297273c47b8cae5a63ffc6d6ed5c201be6e44", size = 27697, upload-time = "2022-10-25T02:36:22.414Z" }
wheels = [
    { url = "https://files.pythonhosted.org/packages/d1/d6/3965ed04c63042e047cb6a3e6ed1a63a35087b6a609aa3a15ed8ac56c221/colorama-0.4.6-py2.py3-none-any.whl", hash = "sha256:4f1d9991f5acc0ca119f9d443620b77f9d6b33703e51011c16baf57afb285fc6", size = 25335, upload-time = "2022-10-25T02:36:20.889Z" },
]

[[package]]
name = "distlib"
version = "0.4.0"
source = { registry = "https://pypi.org/simple" }
sdist = { url = "https://files.pythonhosted.org/packages/96/8e/709914eb2b5749865801041647dc7f4e6d00b549cfe88b65ca192995f07c/distlib-0.4.0.tar.gz", hash = "sha256:feec40075be03a04501a973d81f633735b4b69f98b05450592310c0f401a4e0d", size = 614605, upload-time = "2025-07-17T16:52:00.465Z" }
wheels = [
    { url = "https://files.pythonhosted.org/packages/33/6b/e0547afaf41bf2c42e52430072fa5658766e3d65bd4b03a563d1b6336f57/distlib-0.4.0-py2.py3-none-any.whl", hash = "sha256:9659f7d87e46584a30b5780e43ac7a2143098441670ff0a49d5f9034c54a6c16", size = 469047, upload-time = "2025-07-17T16:51:58.613Z" },
]

[[package]]
name = "dotmap"
version = "1.3.30"
source = { registry = "https://pypi.org/simple" }
sdist = { url = "https://files.pythonhosted.org/packages/bc/68/c186606e4f2bf731abd18044ea201e70c3c244bf468f41368820d197fca5/dotmap-1.3.30.tar.gz", hash = "sha256:5821a7933f075fb47563417c0e92e0b7c031158b4c9a6a7e56163479b658b368", size = 12391, upload-time = "2022-04-06T16:26:49.211Z" }
wheels = [
    { url = "https://files.pythonhosted.org/packages/4d/f9/976d6813c160d6c89196d81e9466dca1503d20e609d8751f3536daf37ec6/dotmap-1.3.30-py3-none-any.whl", hash = "sha256:bd9fa15286ea2ad899a4d1dc2445ed85a1ae884a42effb87c89a6ecce71243c6", size = 11464, upload-time = "2022-04-06T16:26:47.103Z" },
]

[[package]]
name = "filelock"
version = "3.25.2"
source = { registry = "https://pypi.org/simple" }
sdist = { url = "https://files.pythonhosted.org/packages/94/b8/00651a0f559862f3bb7d6f7477b192afe3f583cc5e26403b44e59a55ab34/filelock-3.25.2.tar.gz", hash = "sha256:b64ece2b38f4ca29dd3e810287aa8c48182bbecd1ae6e9ae126c9b35f1382694", size = 40480, upload-time = "2026-03-11T20:45:38.487Z" }
wheels = [
    { url = "https://files.pythonhosted.org/packages/a4/a5/842ae8f0c08b61d6484b52f99a03510a3a72d23141942d216ebe81fefbce/filelock-3.25.2-py3-none-any.whl", hash = "sha256:ca8afb0da15f229774c9ad1b455ed96e85a81373065fb10446672f64444ddf70", size = 26759, upload-time = "2026-03-11T20:45:37.437Z" },
]

[[package]]
name = "flask"
version = "1.1.4"
source = { registry = "https://pypi.org/simple" }
dependencies = [
    { name = "click" },
    { name = "itsdangerous" },
    { name = "jinja2" },
    { name = "werkzeug" },
]
sdist = { url = "https://files.pythonhosted.org/packages/4d/5b/2d145f5fe718b2f15ebe69240538f06faa8bbb76488bf962091db1f7a26d/Flask-1.1.4.tar.gz", hash = "sha256:0fbeb6180d383a9186d0d6ed954e0042ad9f18e0e8de088b2b419d526927d196", size = 635920, upload-time = "2021-05-14T01:45:58.328Z" }
wheels = [
    { url = "https://files.pythonhosted.org/packages/e8/6d/994208daa354f68fd89a34a8bafbeaab26fda84e7af1e35bdaed02b667e6/Flask-1.1.4-py2.py3-none-any.whl", hash = "sha256:c34f04500f2cbbea882b1acb02002ad6fe6b7ffa64a6164577995657f50aed22", size = 94591, upload-time = "2021-05-14T01:45:55.061Z" },
]

[[package]]
name = "flask-socketio"
version = "4.3.2"
source = { registry = "https://pypi.org/simple" }
dependencies = [
    { name = "flask" },
    { name = "python-socketio" },
]
sdist = { url = "https://files.pythonhosted.org/packages/55/e2/c50470b23bc4d39714ca9ba3d82c031435d1308626b23a0cd1114a2ce6ba/Flask-SocketIO-4.3.2.tar.gz", hash = "sha256:37001b3507f2fa5d1c8d9c8e211dd88da6c5286ff0ebce16f27cb1b467d25d68", size = 15534, upload-time = "2020-11-30T00:10:05.402Z" }
wheels = [
    { url = "https://files.pythonhosted.org/packages/70/fc/9163e29744f61a57ed500ada6f5d7f5219f8552d399181c5982818aea1e3/Flask_SocketIO-4.3.2-py2.py3-none-any.whl", hash = "sha256:26de451f9ddfd2053ca66a0a5d6b6f53c65246ddcb453fbf9fa8dba364c73a52", size = 15750, upload-time = "2020-11-30T00:10:03.999Z" },
]

[[package]]
name = "identify"
version = "2.6.17"
source = { registry = "https://pypi.org/simple" }
sdist = { url = "https://files.pythonhosted.org/packages/57/84/376a3b96e5a8d33a7aa2c5b3b31a4b3c364117184bf0b17418055f6ace66/identify-2.6.17.tar.gz", hash = "sha256:f816b0b596b204c9fdf076ded172322f2723cf958d02f9c3587504834c8ff04d", size = 99579, upload-time = "2026-03-01T20:04:12.702Z" }
wheels = [
    { url = "https://files.pythonhosted.org/packages/40/66/71c1227dff78aaeb942fed29dd5651f2aec166cc7c9aeea3e8b26a539b7d/identify-2.6.17-py2.py3-none-any.whl", hash = "sha256:be5f8412d5ed4b20f2bd41a65f920990bdccaa6a4a18a08f1eefdcd0bdd885f0", size = 99382, upload-time = "2026-03-01T20:04:11.439Z" },
]

[[package]]
name = "importlib-metadata"
version = "3.10.1"
source = { registry = "https://pypi.org/simple" }
dependencies = [
    { name = "zipp" },
]
sdist = { url = "https://files.pythonhosted.org/packages/a0/d1/93d2dec161192f8ec90e9ef7fd31c26fe55d0226684e9dde35b1e2586def/importlib_metadata-3.10.1.tar.gz", hash = "sha256:c9356b657de65c53744046fa8f7358afe0714a1af7d570c00c3835c2d724a7c1", size = 39980, upload-time = "2021-04-12T21:48:00.022Z" }
wheels = [
    { url = "https://files.pythonhosted.org/packages/52/d0/bdb31463f2d9ca111e39b268518e9baa3542ef73ca449b711a7b4da69764/importlib_metadata-3.10.1-py3-none-any.whl", hash = "sha256:2ec0faae539743ae6aaa84b49a169670a465f7f5d64e6add98388cc29fd1f2f6", size = 14147, upload-time = "2021-04-12T21:47:58.841Z" },
]

[[package]]
name = "importlib-resources"
version = "6.5.2"
source = { registry = "https://pypi.org/simple" }
sdist = { url = "https://files.pythonhosted.org/packages/cf/8c/f834fbf984f691b4f7ff60f50b514cc3de5cc08abfc3295564dd89c5e2e7/importlib_resources-6.5.2.tar.gz", hash = "sha256:185f87adef5bcc288449d98fb4fba07cea78bc036455dd44c5fc4a2fe78fed2c", size = 44693, upload-time = "2025-01-03T18:51:56.698Z" }
wheels = [
    { url = "https://files.pythonhosted.org/packages/a4/ed/1f1afb2e9e7f38a545d628f864d562a5ae64fe6f7a10e28ffb9b185b4e89/importlib_resources-6.5.2-py3-none-any.whl", hash = "sha256:789cfdc3ed28c78b67a06acb8126751ced69a3d5f79c095a98298cd8a760ccec", size = 37461, upload-time = "2025-01-03T18:51:54.306Z" },
]

[[package]]
name = "itsdangerous"
version = "1.1.0"
source = { registry = "https://pypi.org/simple" }
sdist = { url = "https://files.pythonhosted.org/packages/68/1a/f27de07a8a304ad5fa817bbe383d1238ac4396da447fa11ed937039fa04b/itsdangerous-1.1.0.tar.gz", hash = "sha256:321b033d07f2a4136d3ec762eac9f16a10ccd60f53c0c91af90217ace7ba1f19", size = 53219, upload-time = "2018-10-27T00:17:37.922Z" }
wheels = [
    { url = "https://files.pythonhosted.org/packages/76/ae/44b03b253d6fade317f32c24d100b3b35c2239807046a4c953c7b89fa49e/itsdangerous-1.1.0-py2.py3-none-any.whl", hash = "sha256:b12271b2047cb23eeb98c8b5622e2e5c5e9abd9784a153e9d8ef9cb4dd09d749", size = 16743, upload-time = "2018-10-27T00:17:35.954Z" },
]

[[package]]
name = "jinja2"
version = "2.11.3"
source = { registry = "https://pypi.org/simple" }
dependencies = [
    { name = "markupsafe" },
]
sdist = { url = "https://files.pythonhosted.org/packages/4f/e7/65300e6b32e69768ded990494809106f87da1d436418d5f1367ed3966fd7/Jinja2-2.11.3.tar.gz", hash = "sha256:a6d58433de0ae800347cab1fa3043cebbabe8baa9d29e668f1c768cb87a333c6", size = 257589, upload-time = "2021-01-31T16:33:09.175Z" }
wheels = [
    { url = "https://files.pythonhosted.org/packages/7e/c2/1eece8c95ddbc9b1aeb64f5783a9e07a286de42191b7204d67b7496ddf35/Jinja2-2.11.3-py2.py3-none-any.whl", hash = "sha256:03e47ad063331dd6a3f04a43eddca8a966a26ba0c5b7207a9a9e4e08f1b29419", size = 125699, upload-time = "2021-01-31T16:33:07.289Z" },
]

[[package]]
name = "markupsafe"
version = "2.0.1"
source = { registry = "https://pypi.org/simple" }
sdist = { url = "https://files.pythonhosted.org/packages/bf/10/ff66fea6d1788c458663a84d88787bae15d45daa16f6b3ef33322a51fc7e/MarkupSafe-2.0.1.tar.gz", hash = "sha256:594c67807fb16238b30c44bdf74f36c02cdf22d1c8cda91ef8a0ed8dabf5620a", size = 18596, upload-time = "2021-05-18T17:18:22.856Z" }

[[package]]
name = "more-itertools"
version = "10.8.0"
source = { registry = "https://pypi.org/simple" }
sdist = { url = "https://files.pythonhosted.org/packages/ea/5d/38b681d3fce7a266dd9ab73c66959406d565b3e85f21d5e66e1181d93721/more_itertools-10.8.0.tar.gz", hash = "sha256:f638ddf8a1a0d134181275fb5d58b086ead7c6a72429ad725c67503f13ba30bd", size = 137431, upload-time = "2025-09-02T15:23:11.018Z" }
wheels = [
    { url = "https://files.pythonhosted.org/packages/a4/8e/469e5a4a2f5855992e425f3cb33804cc07bf18d48f2db061aec61ce50270/more_itertools-10.8.0-py3-none-any.whl", hash = "sha256:52d4362373dcf7c52546bc4af9a86ee7c4579df9a8dc268be0a2f949d376cc9b", size = 69667, upload-time = "2025-09-02T15:23:09.635Z" },
]

[[package]]
name = "nodeenv"
version = "1.10.0"
source = { registry = "https://pypi.org/simple" }
sdist = { url = "https://files.pythonhosted.org/packages/24/bf/d1bda4f6168e0b2e9e5958945e01910052158313224ada5ce1fb2e1113b8/nodeenv-1.10.0.tar.gz", hash = "sha256:996c191ad80897d076bdfba80a41994c2b47c68e224c542b48feba42ba00f8bb", size = 55611, upload-time = "2025-12-20T14:08:54.006Z" }
wheels = [
    { url = "https://files.pythonhosted.org/packages/88/b2/d0896bdcdc8d28a7fc5717c305f1a861c26e18c05047949fb371034d98bd/nodeenv-1.10.0-py2.py3-none-any.whl", hash = "sha256:5bb13e3eed2923615535339b3c620e76779af4cb4c6a90deccc9e36b274d3827", size = 23438, upload-time = "2025-12-20T14:08:52.782Z" },
]

[[package]]
name = "packaging"
version = "26.0"
source = { registry = "https://pypi.org/simple" }
sdist = { url = "https://files.pythonhosted.org/packages/65/ee/299d360cdc32edc7d2cf530f3accf79c4fca01e96ffc950d8a52213bd8e4/packaging-26.0.tar.gz", hash = "sha256:00243ae351a257117b6a241061796684b084ed1c516a08c48a3f7e147a9d80b4", size = 143416, upload-time = "2026-01-21T20:50:39.064Z" }
wheels = [
    { url = "https://files.pythonhosted.org/packages/b7/b9/c538f279a4e237a006a2c98387d081e9eb060d203d8ed34467cc0f0b9b53/packaging-26.0-py3-none-any.whl", hash = "sha256:b36f1fef9334a5588b4166f8bcd26a14e521f2b55e6b9de3aaa80d3ff7a37529", size = 74366, upload-time = "2026-01-21T20:50:37.788Z" },
]

[[package]]
name = "pillow"
version = "12.1.1"
source = { registry = "https://pypi.org/simple" }
sdist = { url = "https://files.pythonhosted.org/packages/1f/42/5c74462b4fd957fcd7b13b04fb3205ff8349236ea74c7c375766d6c82288/pillow-12.1.1.tar.gz", hash = "sha256:9ad8fa5937ab05218e2b6a4cff30295ad35afd2f83ac592e68c0d871bb0fdbc4", size = 46980264, upload-time = "2026-02-11T04:23:07.146Z" }
wheels = [
    { url = "https://files.pythonhosted.org/packages/03/d0/bebb3ffbf31c5a8e97241476c4cf8b9828954693ce6744b4a2326af3e16b/pillow-12.1.1-cp314-cp314-ios_13_0_arm64_iphoneos.whl", hash = "sha256:417423db963cb4be8bac3fc1204fe61610f6abeed1580a7a2cbb2fbda20f12af", size = 4062652, upload-time = "2026-02-11T04:21:53.19Z" },
    { url = "https://files.pythonhosted.org/packages/2d/c0/0e16fb0addda4851445c28f8350d8c512f09de27bbb0d6d0bbf8b6709605/pillow-12.1.1-cp314-cp314-ios_13_0_arm64_iphonesimulator.whl", hash = "sha256:b957b71c6b2387610f556a7eb0828afbe40b4a98036fc0d2acfa5a44a0c2036f", size = 4138823, upload-time = "2026-02-11T04:22:03.088Z" },
    { url = "https://files.pythonhosted.org/packages/6b/fb/6170ec655d6f6bb6630a013dd7cf7bc218423d7b5fa9071bf63dc32175ae/pillow-12.1.1-cp314-cp314-ios_13_0_x86_64_iphonesimulator.whl", hash = "sha256:097690ba1f2efdeb165a20469d59d8bb03c55fb6621eb2041a060ae8ea3e9642", size = 3601143, upload-time = "2026-02-11T04:22:04.909Z" },
    { url = "https://files.pythonhosted.org/packages/59/04/dc5c3f297510ba9a6837cbb318b87dd2b8f73eb41a43cc63767f65cb599c/pillow-12.1.1-cp314-cp314-macosx_10_15_x86_64.whl", hash = "sha256:2815a87ab27848db0321fb78c7f0b2c8649dee134b7f2b80c6a45c6831d75ccd", size = 5266254, upload-time = "2026-02-11T04:22:07.656Z" },
    { url = "https://files.pythonhosted.org/packages/05/30/5db1236b0d6313f03ebf97f5e17cda9ca060f524b2fcc875149a8360b21c/pillow-12.1.1-cp314-cp314-macosx_11_0_arm64.whl", hash = "sha256:f7ed2c6543bad5a7d5530eb9e78c53132f93dfa44a28492db88b41cdab885202", size = 4657499, upload-time = "2026-02-11T04:22:09.613Z" },
    { url = "https://files.pythonhosted.org/packages/6f/18/008d2ca0eb612e81968e8be0bbae5051efba24d52debf930126d7eaacbba/pillow-12.1.1-cp314-cp314-manylinux2014_aarch64.manylinux_2_17_aarch64.whl", hash = "sha256:652a2c9ccfb556235b2b501a3a7cf3742148cd22e04b5625c5fe057ea3e3191f", size = 6232137, upload-time = "2026-02-11T04:22:11.434Z" },
    { url = "https://files.pythonhosted.org/packages/70/f1/f14d5b8eeb4b2cd62b9f9f847eb6605f103df89ef619ac68f92f748614ea/pillow-12.1.1-cp314-cp314-manylinux2014_x86_64.manylinux_2_17_x86_64.whl", hash = "sha256:d6e4571eedf43af33d0fc233a382a76e849badbccdf1ac438841308652a08e1f", size = 8042721, upload-time = "2026-02-11T04:22:13.321Z" },
    { url = "https://files.pythonhosted.org/packages/5a/d6/17824509146e4babbdabf04d8171491fa9d776f7061ff6e727522df9bd03/pillow-12.1.1-cp314-cp314-manylinux_2_27_aarch64.manylinux_2_28_aarch64.whl", hash = "sha256:b574c51cf7d5d62e9be37ba446224b59a2da26dc4c1bb2ecbe936a4fb1a7cb7f", size = 6347798, upload-time = "2026-02-11T04:22:15.449Z" },
    { url = "https://files.pythonhosted.org/packages/d1/ee/c85a38a9ab92037a75615aba572c85ea51e605265036e00c5b67dfafbfe2/pillow-12.1.1-cp314-cp314-manylinux_2_27_x86_64.manylinux_2_28_x86_64.whl", hash = "sha256:a37691702ed687799de29a518d63d4682d9016932db66d4e90c345831b02fb4e", size = 7039315, upload-time = "2026-02-11T04:22:17.24Z" },
    { url = "https://files.pythonhosted.org/packages/ec/f3/bc8ccc6e08a148290d7523bde4d9a0d6c981db34631390dc6e6ec34cacf6/pillow-12.1.1-cp314-cp314-musllinux_1_2_aarch64.whl", hash = "sha256:f95c00d5d6700b2b890479664a06e754974848afaae5e21beb4d83c106923fd0", size = 6462360, upload-time = "2026-02-11T04:22:19.111Z" },
    { url = "https://files.pythonhosted.org/packages/f6/ab/69a42656adb1d0665ab051eec58a41f169ad295cf81ad45406963105408f/pillow-12.1.1-cp314-cp314-musllinux_1_2_x86_64.whl", hash = "sha256:559b38da23606e68681337ad74622c4dbba02254fc9cb4488a305dd5975c7eeb", size = 7165438, upload-time = "2026-02-11T04:22:21.041Z" },
    { url = "https://files.pythonhosted.org/packages/02/46/81f7aa8941873f0f01d4b55cc543b0a3d03ec2ee30d617a0448bf6bd6dec/pillow-12.1.1-cp314-cp314-win32.whl", hash = "sha256:03edcc34d688572014ff223c125a3f77fb08091e4607e7745002fc214070b35f", size = 6431503, upload-time = "2026-02-11T04:22:22.833Z" },
    { url = "https://files.pythonhosted.org/packages/40/72/4c245f7d1044b67affc7f134a09ea619d4895333d35322b775b928180044/pillow-12.1.1-cp314-cp314-win_amd64.whl", hash = "sha256:50480dcd74fa63b8e78235957d302d98d98d82ccbfac4c7e12108ba9ecbdba15", size = 7176748, upload-time = "2026-02-11T04:22:24.64Z" },
    { url = "https://files.pythonhosted.org/packages/e4/ad/8a87bdbe038c5c698736e3348af5c2194ffb872ea52f11894c95f9305435/pillow-12.1.1-cp314-cp314-win_arm64.whl", hash = "sha256:5cb1785d97b0c3d1d1a16bc1d710c4a0049daefc4935f3a8f31f827f4d3d2e7f", size = 2544314, upload-time = "2026-02-11T04:22:26.685Z" },
    { url = "https://files.pythonhosted.org/packages/6c/9d/efd18493f9de13b87ede7c47e69184b9e859e4427225ea962e32e56a49bc/pillow-12.1.1-cp314-cp314t-macosx_10_15_x86_64.whl", hash = "sha256:1f90cff8aa76835cba5769f0b3121a22bd4eb9e6884cfe338216e557a9a548b8", size = 5268612, upload-time = "2026-02-11T04:22:29.884Z" },
    { url = "https://files.pythonhosted.org/packages/f8/f1/4f42eb2b388eb2ffc660dcb7f7b556c1015c53ebd5f7f754965ef997585b/pillow-12.1.1-cp314-cp314t-macosx_11_0_arm64.whl", hash = "sha256:1f1be78ce9466a7ee64bfda57bdba0f7cc499d9794d518b854816c41bf0aa4e9", size = 4660567, upload-time = "2026-02-11T04:22:31.799Z" },
    { url = "https://files.pythonhosted.org/packages/01/54/df6ef130fa43e4b82e32624a7b821a2be1c5653a5fdad8469687a7db4e00/pillow-12.1.1-cp314-cp314t-manylinux2014_aarch64.manylinux_2_17_aarch64.whl", hash = "sha256:42fc1f4677106188ad9a55562bbade416f8b55456f522430fadab3cef7cd4e60", size = 6269951, upload-time = "2026-02-11T04:22:33.921Z" },
    { url = "https://files.pythonhosted.org/packages/a9/48/618752d06cc44bb4aae8ce0cd4e6426871929ed7b46215638088270d9b34/pillow-12.1.1-cp314-cp314t-manylinux2014_x86_64.manylinux_2_17_x86_64.whl", hash = "sha256:98edb152429ab62a1818039744d8fbb3ccab98a7c29fc3d5fcef158f3f1f68b7", size = 8074769, upload-time = "2026-02-11T04:22:35.877Z" },
    { url = "https://files.pythonhosted.org/packages/c3/bd/f1d71eb39a72fa088d938655afba3e00b38018d052752f435838961127d8/pillow-12.1.1-cp314-cp314t-manylinux_2_27_aarch64.manylinux_2_28_aarch64.whl", hash = "sha256:d470ab1178551dd17fdba0fef463359c41aaa613cdcd7ff8373f54be629f9f8f", size = 6381358, upload-time = "2026-02-11T04:22:37.698Z" },
    { url = "https://files.pythonhosted.org/packages/64/ef/c784e20b96674ed36a5af839305f55616f8b4f8aa8eeccf8531a6e312243/pillow-12.1.1-cp314-cp314t-manylinux_2_27_x86_64.manylinux_2_28_x86_64.whl", hash = "sha256:6408a7b064595afcab0a49393a413732a35788f2a5092fdc6266952ed67de586", size = 7068558, upload-time = "2026-02-11T04:22:39.597Z" },
    { url = "https://files.pythonhosted.org/packages/73/cb/8059688b74422ae61278202c4e1ad992e8a2e7375227be0a21c6b87ca8d5/pillow-12.1.1-cp314-cp314t-musllinux_1_2_aarch64.whl", hash = "sha256:5d8c41325b382c07799a3682c1c258469ea2ff97103c53717b7893862d0c98ce", size = 6493028, upload-time = "2026-02-11T04:22:42.73Z" },
    { url = "https://files.pythonhosted.org/packages/c6/da/e3c008ed7d2dd1f905b15949325934510b9d1931e5df999bb15972756818/pillow-12.1.1-cp314-cp314t-musllinux_1_2_x86_64.whl", hash = "sha256:c7697918b5be27424e9ce568193efd13d925c4481dd364e43f5dff72d33e10f8", size = 7191940, upload-time = "2026-02-11T04:22:44.543Z" },
    { url = "https://files.pythonhosted.org/packages/01/4a/9202e8d11714c1fc5951f2e1ef362f2d7fbc595e1f6717971d5dd750e969/pillow-12.1.1-cp314-cp314t-win32.whl", hash = "sha256:d2912fd8114fc5545aa3a4b5576512f64c55a03f3ebcca4c10194d593d43ea36", size = 6438736, upload-time = "2026-02-11T04:22:46.347Z" },
    { url = "https://files.pythonhosted.org/packages/f3/ca/cbce2327eb9885476b3957b2e82eb12c866a8b16ad77392864ad601022ce/pillow-12.1.1-cp314-cp314t-win_amd64.whl", hash = "sha256:4ceb838d4bd9dab43e06c363cab2eebf63846d6a4aeaea283bbdfd8f1a8ed58b", size = 7182894, upload-time = "2026-02-11T04:22:48.114Z" },
    { url = "https://files.pythonhosted.org/packages/ec/d2/de599c95ba0a973b94410477f8bf0b6f0b5e67360eb89bcb1ad365258beb/pillow-12.1.1-cp314-cp314t-win_arm64.whl", hash = "sha256:7b03048319bfc6170e93bd60728a1af51d3dd7704935feb228c4d4faab35d334", size = 2546446, upload-time = "2026-02-11T04:22:50.342Z" },
]

[[package]]
name = "platformdirs"
version = "4.9.4"
source = { registry = "https://pypi.org/simple" }
sdist = { url = "https://files.pythonhosted.org/packages/19/56/8d4c30c8a1d07013911a8fdbd8f89440ef9f08d07a1b50ab8ca8be5a20f9/platformdirs-4.9.4.tar.gz", hash = "sha256:1ec356301b7dc906d83f371c8f487070e99d3ccf9e501686456394622a01a934", size = 28737, upload-time = "2026-03-05T18:34:13.271Z" }
wheels = [
    { url = "https://files.pythonhosted.org/packages/63/d7/97f7e3a6abb67d8080dd406fd4df842c2be0efaf712d1c899c32a075027c/platformdirs-4.9.4-py3-none-any.whl", hash = "sha256:68a9a4619a666ea6439f2ff250c12a853cd1cbd5158d258bd824a7df6be2f868", size = 21216, upload-time = "2026-03-05T18:34:12.172Z" },
]

[[package]]
name = "pluggy"
version = "0.13.1"
source = { registry = "https://pypi.org/simple" }
sdist = { url = "https://files.pythonhosted.org/packages/f8/04/7a8542bed4b16a65c2714bf76cf5a0b026157da7f75e87cc88774aa10b14/pluggy-0.13.1.tar.gz", hash = "sha256:15b2acde666561e1298d71b523007ed7364de07029219b604cf808bfa1c765b0", size = 57962, upload-time = "2019-11-21T20:42:37.118Z" }
wheels = [
    { url = "https://files.pythonhosted.org/packages/a0/28/85c7aa31b80d150b772fbe4a229487bc6644da9ccb7e427dd8cc60cb8a62/pluggy-0.13.1-py2.py3-none-any.whl", hash = "sha256:966c145cd83c96502c3c3868f50408687b38434af77734af1e9ca461a4081d2d", size = 18077, upload-time = "2019-11-21T20:42:34.957Z" },
]

[[package]]
name = "pre-commit"
version = "2.21.0"
source = { registry = "https://pypi.org/simple" }
dependencies = [
    { name = "cfgv" },
    { name = "identify" },
    { name = "nodeenv" },
    { name = "pyyaml" },
    { name = "virtualenv" },
]
sdist = { url = "https://files.pythonhosted.org/packages/6b/00/1637ae945c6e10838ef5c41965f1c864e59301811bb203e979f335608e7c/pre_commit-2.21.0.tar.gz", hash = "sha256:31ef31af7e474a8d8995027fefdfcf509b5c913ff31f2015b4ec4beb26a6f658", size = 174966, upload-time = "2022-12-25T22:53:01.144Z" }
wheels = [
    { url = "https://files.pythonhosted.org/packages/a6/6b/6cfe3a8b351b54f4b6c6d2ad4286804e3367f628dce379c603d3b96635f4/pre_commit-2.21.0-py2.py3-none-any.whl", hash = "sha256:e2f91727039fc39a92f58a588a25b87f936de6567eed4f0e673e0507edc75bad", size = 201938, upload-time = "2022-12-25T22:52:59.649Z" },
]

[[package]]
name = "py"
version = "1.11.0"
source = { registry = "https://pypi.org/simple" }
sdist = { url = "https://files.pythonhosted.org/packages/98/ff/fec109ceb715d2a6b4c4a85a61af3b40c723a961e8828319fbcb15b868dc/py-1.11.0.tar.gz", hash = "sha256:51c75c4126074b472f746a24399ad32f6053d1b34b68d2fa41e558e6f4a98719", size = 207796, upload-time = "2021-11-04T17:17:01.377Z" }
wheels = [
    { url = "https://files.pythonhosted.org/packages/f6/f0/10642828a8dfb741e5f3fbaac830550a518a775c7fff6f04a007259b0548/py-1.11.0-py2.py3-none-any.whl", hash = "sha256:607c53218732647dff4acdfcd50cb62615cedf612e72d1724fb1a0cc6405b378", size = 98708, upload-time = "2021-11-04T17:17:00.152Z" },
]

[[package]]
name = "pytest"
version = "5.4.3"
source = { registry = "https://pypi.org/simple" }
dependencies = [
    { name = "atomicwrites", marker = "sys_platform == 'win32'" },
    { name = "attrs" },
    { name = "colorama", marker = "sys_platform == 'win32'" },
    { name = "more-itertools" },
    { name = "packaging" },
    { name = "pluggy" },
    { name = "py" },
    { name = "wcwidth" },
]
sdist = { url = "https://files.pythonhosted.org/packages/8f/c4/e4a645f8a3d6c6993cb3934ee593e705947dfafad4ca5148b9a0fde7359c/pytest-5.4.3.tar.gz", hash = "sha256:7979331bfcba207414f5e1263b5a0f8f521d0f457318836a7355531ed1a4c7d8", size = 1022353, upload-time = "2020-06-02T16:43:43.145Z" }
wheels = [
    { url = "https://files.pythonhosted.org/packages/9f/f3/0a83558da436a081344aa6c8b85ea5b5f05071214106036ce341b7769b0b/pytest-5.4.3-py3-none-any.whl", hash = "sha256:5c0db86b698e8f170ba4582a492248919255fcd4c79b1ee64ace34301fb589a1", size = 248101, upload-time = "2020-06-02T16:43:41.62Z" },
]

[[package]]
name = "python-barcode"
version = "0.16.1"
source = { registry = "https://pypi.org/simple" }
sdist = { url = "https://files.pythonhosted.org/packages/0e/f2/4c0b07f100e1e184ba682021322c336bbba6aa7adfabd2616f70eff917d9/python_barcode-0.16.1.tar.gz", hash = "sha256:665ed09516b0088b5593061c5ac8662caa0b08d56bdad328388b1cab39939ac5", size = 233777, upload-time = "2025-08-27T11:05:45.614Z" }
wheels = [
    { url = "https://files.pythonhosted.org/packages/b2/34/810885dca784b02e5ad0f71ced9c06ba5e9d33a6493bc886f7470ce82a39/python_barcode-0.16.1-py3-none-any.whl", hash = "sha256:5776567478c9a0dae473374bb86631ba0b5ea99aaf302763b364e367ac51f367", size = 228046, upload-time = "2025-08-27T11:05:42.776Z" },
]

[[package]]
name = "python-discovery"
version = "1.1.3"
source = { registry = "https://pypi.org/simple" }
dependencies = [
    { name = "filelock" },
    { name = "platformdirs" },
]
sdist = { url = "https://files.pythonhosted.org/packages/d7/7e/9f3b0dd3a074a6c3e1e79f35e465b1f2ee4b262d619de00cfce523cc9b24/python_discovery-1.1.3.tar.gz", hash = "sha256:7acca36e818cd88e9b2ba03e045ad7e93e1713e29c6bbfba5d90202310b7baa5", size = 56945, upload-time = "2026-03-10T15:08:15.038Z" }
wheels = [
    { url = "https://files.pythonhosted.org/packages/e7/80/73211fc5bfbfc562369b4aa61dc1e4bf07dc7b34df7b317e4539316b809c/python_discovery-1.1.3-py3-none-any.whl", hash = "sha256:90e795f0121bc84572e737c9aa9966311b9fde44ffb88a5953b3ec9b31c6945e", size = 31485, upload-time = "2026-03-10T15:08:13.06Z" },
]

[[package]]
name = "python-engineio"
version = "3.14.2"
source = { registry = "https://pypi.org/simple" }
dependencies = [
    { name = "six" },
]
sdist = { url = "https://files.pythonhosted.org/packages/7d/a3/9491c16fae684011c51cc94513e17153bacfb5509c71c68dde6c5abd51fc/python-engineio-3.14.2.tar.gz", hash = "sha256:eab4553f2804c1ce97054c8b22cf0d5a9ab23128075248b97e1a5b2f29553085", size = 40741, upload-time = "2020-11-30T00:03:58.239Z" }
wheels = [
    { url = "https://files.pythonhosted.org/packages/8d/35/b9edf38b6a42077f3c097ab4edb0281adb3cc5434645c0bd301b0b45c767/python_engineio-3.14.2-py2.py3-none-any.whl", hash = "sha256:5a9e6086d192463b04a1428ff1f85b6ba631bbb19d453b144ffc04f530542b84", size = 51942, upload-time = "2020-11-30T00:03:56.741Z" },
]

[[package]]
name = "python-escpos"
version = "3.1"
source = { registry = "https://pypi.org/simple" }
dependencies = [
    { name = "appdirs" },
    { name = "argcomplete" },
    { name = "importlib-resources" },
    { name = "pillow" },
    { name = "python-barcode" },
    { name = "pyyaml" },
    { name = "qrcode" },
    { name = "setuptools" },
    { name = "six" },
]
sdist = { url = "https://files.pythonhosted.org/packages/b5/e8/dbcaca6c9db8d133e3a2fc36982f20bb0bdc9bdc9e04a540b231dd75b2d1/python-escpos-3.1.tar.gz", hash = "sha256:31240cdd43a6d3371c2c536f8dec02f31bf68ee967cd2edb255a94cf67295ac0", size = 199540, upload-time = "2023-12-17T22:06:03.643Z" }
wheels = [
    { url = "https://files.pythonhosted.org/packages/88/5e/def5f834b900d98c4c6477469b4e0cd1147d7158ddffcddac6904ec53f6e/python_escpos-3.1-py3-none-any.whl", hash = "sha256:d9aec8c50b106ca83aaf0781e2bd38a02c82ab206cb6d673241db5252438c73e", size = 69350, upload-time = "2023-12-17T22:06:01.048Z" },
]

[[package]]
name = "python-socketio"
version = "4.6.1"
source = { registry = "https://pypi.org/simple" }
dependencies = [
    { name = "python-engineio" },
    { name = "six" },
]
sdist = { url = "https://files.pythonhosted.org/packages/6e/6c/b899d7a34503d5e4b6967ee3fec996acee75d0cd087c22963134c88f8ca1/python-socketio-4.6.1.tar.gz", hash = "sha256:cd1f5aa492c1eb2be77838e837a495f117e17f686029ebc03d62c09e33f4fa10", size = 42374, upload-time = "2020-11-28T11:57:07.048Z" }
wheels = [
    { url = "https://files.pythonhosted.org/packages/b2/91/d78afbe5861de53cafe9dcc6eb1a802d5495cfbffb79b8385ee7cf15a71c/python_socketio-4.6.1-py2.py3-none-any.whl", hash = "sha256:5a21da53fdbdc6bb6c8071f40e13d100e0b279ad997681c2492478e06f370523", size = 51865, upload-time = "2020-11-28T11:57:05.565Z" },
]

[[package]]
name = "pyyaml"
version = "6.0.3"
source = { registry = "https://pypi.org/simple" }
sdist = { url = "https://files.pythonhosted.org/packages/05/8e/961c0007c59b8dd7729d542c61a4d537767a59645b82a0b521206e1e25c2/pyyaml-6.0.3.tar.gz", hash = "sha256:d76623373421df22fb4cf8817020cbb7ef15c725b9d5e45f17e189bfc384190f", size = 130960, upload-time = "2025-09-25T21:33:16.546Z" }
wheels = [
    { url = "https://files.pythonhosted.org/packages/9d/8c/f4bd7f6465179953d3ac9bc44ac1a8a3e6122cf8ada906b4f96c60172d43/pyyaml-6.0.3-cp314-cp314-macosx_10_13_x86_64.whl", hash = "sha256:8d1fab6bb153a416f9aeb4b8763bc0f22a5586065f86f7664fc23339fc1c1fac", size = 181814, upload-time = "2025-09-25T21:32:35.712Z" },
    { url = "https://files.pythonhosted.org/packages/bd/9c/4d95bb87eb2063d20db7b60faa3840c1b18025517ae857371c4dd55a6b3a/pyyaml-6.0.3-cp314-cp314-macosx_11_0_arm64.whl", hash = "sha256:34d5fcd24b8445fadc33f9cf348c1047101756fd760b4dacb5c3e99755703310", size = 173809, upload-time = "2025-09-25T21:32:36.789Z" },
    { url = "https://files.pythonhosted.org/packages/92/b5/47e807c2623074914e29dabd16cbbdd4bf5e9b2db9f8090fa64411fc5382/pyyaml-6.0.3-cp314-cp314-manylinux2014_aarch64.manylinux_2_17_aarch64.manylinux_2_28_aarch64.whl", hash = "sha256:501a031947e3a9025ed4405a168e6ef5ae3126c59f90ce0cd6f2bfc477be31b7", size = 766454, upload-time = "2025-09-25T21:32:37.966Z" },
    { url = "https://files.pythonhosted.org/packages/02/9e/e5e9b168be58564121efb3de6859c452fccde0ab093d8438905899a3a483/pyyaml-6.0.3-cp314-cp314-manylinux2014_s390x.manylinux_2_17_s390x.manylinux_2_28_s390x.whl", hash = "sha256:b3bc83488de33889877a0f2543ade9f70c67d66d9ebb4ac959502e12de895788", size = 836355, upload-time = "2025-09-25T21:32:39.178Z" },
    { url = "https://files.pythonhosted.org/packages/88/f9/16491d7ed2a919954993e48aa941b200f38040928474c9e85ea9e64222c3/pyyaml-6.0.3-cp314-cp314-manylinux2014_x86_64.manylinux_2_17_x86_64.manylinux_2_28_x86_64.whl", hash = "sha256:c458b6d084f9b935061bc36216e8a69a7e293a2f1e68bf956dcd9e6cbcd143f5", size = 794175, upload-time = "2025-09-25T21:32:40.865Z" },
    { url = "https://files.pythonhosted.org/packages/dd/3f/5989debef34dc6397317802b527dbbafb2b4760878a53d4166579111411e/pyyaml-6.0.3-cp314-cp314-musllinux_1_2_aarch64.whl", hash = "sha256:7c6610def4f163542a622a73fb39f534f8c101d690126992300bf3207eab9764", size = 755228, upload-time = "2025-09-25T21:32:42.084Z" },
    { url = "https://files.pythonhosted.org/packages/d7/ce/af88a49043cd2e265be63d083fc75b27b6ed062f5f9fd6cdc223ad62f03e/pyyaml-6.0.3-cp314-cp314-musllinux_1_2_x86_64.whl", hash = "sha256:5190d403f121660ce8d1d2c1bb2ef1bd05b5f68533fc5c2ea899bd15f4399b35", size = 789194, upload-time = "2025-09-25T21:32:43.362Z" },
    { url = "https://files.pythonhosted.org/packages/23/20/bb6982b26a40bb43951265ba29d4c246ef0ff59c9fdcdf0ed04e0687de4d/pyyaml-6.0.3-cp314-cp314-win_amd64.whl", hash = "sha256:4a2e8cebe2ff6ab7d1050ecd59c25d4c8bd7e6f400f5f82b96557ac0abafd0ac", size = 156429, upload-time = "2025-09-25T21:32:57.844Z" },
    { url = "https://files.pythonhosted.org/packages/f4/f4/a4541072bb9422c8a883ab55255f918fa378ecf083f5b85e87fc2b4eda1b/pyyaml-6.0.3-cp314-cp314-win_arm64.whl", hash = "sha256:93dda82c9c22deb0a405ea4dc5f2d0cda384168e466364dec6255b293923b2f3", size = 143912, upload-time = "2025-09-25T21:32:59.247Z" },
    { url = "https://files.pythonhosted.org/packages/7c/f9/07dd09ae774e4616edf6cda684ee78f97777bdd15847253637a6f052a62f/pyyaml-6.0.3-cp314-cp314t-macosx_10_13_x86_64.whl", hash = "sha256:02893d100e99e03eda1c8fd5c441d8c60103fd175728e23e431db1b589cf5ab3", size = 189108, upload-time = "2025-09-25T21:32:44.377Z" },
    { url = "https://files.pythonhosted.org/packages/4e/78/8d08c9fb7ce09ad8c38ad533c1191cf27f7ae1effe5bb9400a46d9437fcf/pyyaml-6.0.3-cp314-cp314t-macosx_11_0_arm64.whl", hash = "sha256:c1ff362665ae507275af2853520967820d9124984e0f7466736aea23d8611fba", size = 183641, upload-time = "2025-09-25T21:32:45.407Z" },
    { url = "https://files.pythonhosted.org/packages/7b/5b/3babb19104a46945cf816d047db2788bcaf8c94527a805610b0289a01c6b/pyyaml-6.0.3-cp314-cp314t-manylinux2014_aarch64.manylinux_2_17_aarch64.manylinux_2_28_aarch64.whl", hash = "sha256:6adc77889b628398debc7b65c073bcb99c4a0237b248cacaf3fe8a557563ef6c", size = 831901, upload-time = "2025-09-25T21:32:48.83Z" },
    { url = "https://files.pythonhosted.org/packages/8b/cc/dff0684d8dc44da4d22a13f35f073d558c268780ce3c6ba1b87055bb0b87/pyyaml-6.0.3-cp314-cp314t-manylinux2014_s390x.manylinux_2_17_s390x.manylinux_2_28_s390x.whl", hash = "sha256:a80cb027f6b349846a3bf6d73b5e95e782175e52f22108cfa17876aaeff93702", size = 861132, upload-time = "2025-09-25T21:32:50.149Z" },
    { url = "https://files.pythonhosted.org/packages/b1/5e/f77dc6b9036943e285ba76b49e118d9ea929885becb0a29ba8a7c75e29fe/pyyaml-6.0.3-cp314-cp314t-manylinux2014_x86_64.manylinux_2_17_x86_64.manylinux_2_28_x86_64.whl", hash = "sha256:00c4bdeba853cc34e7dd471f16b4114f4162dc03e6b7afcc2128711f0eca823c", size = 839261, upload-time = "2025-09-25T21:32:51.808Z" },
    { url = "https://files.pythonhosted.org/packages/ce/88/a9db1376aa2a228197c58b37302f284b5617f56a5d959fd1763fb1675ce6/pyyaml-6.0.3-cp314-cp314t-musllinux_1_2_aarch64.whl", hash = "sha256:66e1674c3ef6f541c35191caae2d429b967b99e02040f5ba928632d9a7f0f065", size = 805272, upload-time = "2025-09-25T21:32:52.941Z" },
    { url = "https://files.pythonhosted.org/packages/da/92/1446574745d74df0c92e6aa4a7b0b3130706a4142b2d1a5869f2eaa423c6/pyyaml-6.0.3-cp314-cp314t-musllinux_1_2_x86_64.whl", hash = "sha256:16249ee61e95f858e83976573de0f5b2893b3677ba71c9dd36b9cf8be9ac6d65", size = 829923, upload-time = "2025-09-25T21:32:54.537Z" },
    { url = "https://files.pythonhosted.org/packages/f0/7a/1c7270340330e575b92f397352af856a8c06f230aa3e76f86b39d01b416a/pyyaml-6.0.3-cp314-cp314t-win_amd64.whl", hash = "sha256:4ad1906908f2f5ae4e5a8ddfce73c320c2a1429ec52eafd27138b7f1cbe341c9", size = 174062, upload-time = "2025-09-25T21:32:55.767Z" },
    { url = "https://files.pythonhosted.org/packages/f1/12/de94a39c2ef588c7e6455cfbe7343d3b2dc9d6b6b2f40c4c6565744c873d/pyyaml-6.0.3-cp314-cp314t-win_arm64.whl", hash = "sha256:ebc55a14a21cb14062aa4162f906cd962b28e2e9ea38f9b4391244cd8de4ae0b", size = 149341, upload-time = "2025-09-25T21:32:56.828Z" },
]

[[package]]
name = "qrcode"
version = "8.2"
source = { registry = "https://pypi.org/simple" }
dependencies = [
    { name = "colorama", marker = "sys_platform == 'win32'" },
]
sdist = { url = "https://files.pythonhosted.org/packages/8f/b2/7fc2931bfae0af02d5f53b174e9cf701adbb35f39d69c2af63d4a39f81a9/qrcode-8.2.tar.gz", hash = "sha256:35c3f2a4172b33136ab9f6b3ef1c00260dd2f66f858f24d88418a015f446506c", size = 43317, upload-time = "2025-05-01T15:44:24.726Z" }
wheels = [
    { url = "https://files.pythonhosted.org/packages/dd/b8/d2d6d731733f51684bbf76bf34dab3b70a9148e8f2cef2bb544fccec681a/qrcode-8.2-py3-none-any.whl", hash = "sha256:16e64e0716c14960108e85d853062c9e8bba5ca8252c0b4d0231b9df4060ff4f", size = 45986, upload-time = "2025-05-01T15:44:22.781Z" },
]

[[package]]
name = "ruamel-yaml"
version = "0.17.40"
source = { registry = "https://pypi.org/simple" }
sdist = { url = "https://files.pythonhosted.org/packages/d1/d6/eb2833ccba5ea36f8f4de4bcfa0d1a91eb618f832d430b70e3086821f251/ruamel.yaml-0.17.40.tar.gz", hash = "sha256:6024b986f06765d482b5b07e086cc4b4cd05dd22ddcbc758fa23d54873cf313d", size = 137672, upload-time = "2023-10-20T12:53:56.073Z" }
wheels = [
    { url = "https://files.pythonhosted.org/packages/35/79/5e2cffa1c77432f11cd93a5351f30732c997a239d3a3090856a72d6d8ba7/ruamel.yaml-0.17.40-py3-none-any.whl", hash = "sha256:b16b6c3816dff0a93dca12acf5e70afd089fa5acb80604afd1ffa8b465b7722c", size = 113666, upload-time = "2023-10-20T12:53:52.628Z" },
]

[[package]]
name = "setuptools"
version = "82.0.1"
source = { registry = "https://pypi.org/simple" }
sdist = { url = "https://files.pythonhosted.org/packages/4f/db/cfac1baf10650ab4d1c111714410d2fbb77ac5a616db26775db562c8fab2/setuptools-82.0.1.tar.gz", hash = "sha256:7d872682c5d01cfde07da7bccc7b65469d3dca203318515ada1de5eda35efbf9", size = 1152316, upload-time = "2026-03-09T12:47:17.221Z" }
wheels = [
    { url = "https://files.pythonhosted.org/packages/9d/76/f789f7a86709c6b087c5a2f52f911838cad707cc613162401badc665acfe/setuptools-82.0.1-py3-none-any.whl", hash = "sha256:a59e362652f08dcd477c78bb6e7bd9d80a7995bc73ce773050228a348ce2e5bb", size = 1006223, upload-time = "2026-03-09T12:47:15.026Z" },
]

[[package]]
name = "six"
version = "1.17.0"
source = { registry = "https://pypi.org/simple" }
sdist = { url = "https://files.pythonhosted.org/packages/94/e7/b2c673351809dca68a0e064b6af791aa332cf192da575fd474ed7d6f16a2/six-1.17.0.tar.gz", hash = "sha256:ff70335d468e7eb6ec65b95b99d3a2836546063f63acc5171de367e834932a81", size = 34031, upload-time = "2024-12-04T17:35:28.174Z" }
wheels = [
    { url = "https://files.pythonhosted.org/packages/b7/ce/149a00dd41f10bc29e5921b496af8b574d8413afcd5e30dfa0ed46c2cc5e/six-1.17.0-py2.py3-none-any.whl", hash = "sha256:4721f391ed90541fddacab5acf947aa0d3dc7d27b2e1e8eda2be8970586c3274", size = 11050, upload-time = "2024-12-04T17:35:26.475Z" },
]

[[package]]
name = "validx"
version = "0.7"
source = { registry = "https://pypi.org/simple" }
sdist = { url = "https://files.pythonhosted.org/packages/1a/c0/4eb8b8856b99c5f425fe57bc91112da126511a21419655adab57c5178cd8/ValidX-0.7.tar.gz", hash = "sha256:ffbd835c3449a89c056c814205729532b9a179a4005bb99441562e2f1ab46cba", size = 25109, upload-time = "2021-01-06T15:27:35.045Z" }

[[package]]
name = "virtualenv"
version = "21.2.0"
source = { registry = "https://pypi.org/simple" }
dependencies = [
    { name = "distlib" },
    { name = "filelock" },
    { name = "platformdirs" },
    { name = "python-discovery" },
]
sdist = { url = "https://files.pythonhosted.org/packages/aa/92/58199fe10049f9703c2666e809c4f686c54ef0a68b0f6afccf518c0b1eb9/virtualenv-21.2.0.tar.gz", hash = "sha256:1720dc3a62ef5b443092e3f499228599045d7fea4c79199770499df8becf9098", size = 5840618, upload-time = "2026-03-09T17:24:38.013Z" }
wheels = [
    { url = "https://files.pythonhosted.org/packages/c6/59/7d02447a55b2e55755011a647479041bc92a82e143f96a8195cb33bd0a1c/virtualenv-21.2.0-py3-none-any.whl", hash = "sha256:1bd755b504931164a5a496d217c014d098426cddc79363ad66ac78125f9d908f", size = 5825084, upload-time = "2026-03-09T17:24:35.378Z" },
]

[[package]]
name = "wcwidth"
version = "0.6.0"
source = { registry = "https://pypi.org/simple" }
sdist = { url = "https://files.pythonhosted.org/packages/35/a2/8e3becb46433538a38726c948d3399905a4c7cabd0df578ede5dc51f0ec2/wcwidth-0.6.0.tar.gz", hash = "sha256:cdc4e4262d6ef9a1a57e018384cbeb1208d8abbc64176027e2c2455c81313159", size = 159684, upload-time = "2026-02-06T19:19:40.919Z" }
wheels = [
    { url = "https://files.pythonhosted.org/packages/68/5a/199c59e0a824a3db2b89c5d2dade7ab5f9624dbf6448dc291b46d5ec94d3/wcwidth-0.6.0-py3-none-any.whl", hash = "sha256:1a3a1e510b553315f8e146c54764f4fb6264ffad731b3d78088cdb1478ffbdad", size = 94189, upload-time = "2026-02-06T19:19:39.646Z" },
]

[[package]]
name = "werkzeug"
version = "0.16.1"
source = { registry = "https://pypi.org/simple" }
sdist = { url = "https://files.pythonhosted.org/packages/c3/1d/1c0761d9365d166dc9d882a48c437111d22b0df564d6d5768045d9a51fd0/Werkzeug-0.16.1.tar.gz", hash = "sha256:b353856d37dec59d6511359f97f6a4b2468442e454bd1c98298ddce53cac1f04", size = 935128, upload-time = "2020-01-27T04:13:59.901Z" }
wheels = [
    { url = "https://files.pythonhosted.org/packages/c2/e4/a859d2fe516f466642fa5c6054fd9646271f9da26b0cac0d2f37fc858c8f/Werkzeug-0.16.1-py2.py3-none-any.whl", hash = "sha256:1e0dedc2acb1f46827daa2e399c1485c8fa17c0d8e70b6b875b4e7f54bf408d2", size = 327363, upload-time = "2020-01-27T04:13:55.856Z" },
]

[[package]]
name = "zipp"
version = "3.23.0"
source = { registry = "https://pypi.org/simple" }
sdist = { url = "https://files.pythonhosted.org/packages/e3/02/0f2892c661036d50ede074e376733dca2ae7c6eb617489437771209d4180/zipp-3.23.0.tar.gz", hash = "sha256:a07157588a12518c9d4034df3fbbee09c814741a33ff63c05fa29d26a2404166", size = 25547, upload-time = "2025-06-08T17:06:39.4Z" }
wheels = [
    { url = "https://files.pythonhosted.org/packages/2e/54/647ade08bf0db230bfea292f893923872fd20be6ac6f53b2b936ba839d75/zipp-3.23.0-py3-none-any.whl", hash = "sha256:071652d6115ed432f5ce1d34c336c0adfd6a884660d1e9712a256d3d3bd4b14e", size = 10276, upload-time = "2025-06-08T17:06:38.034Z" },
]
